# This file is automatically @generated by Poetry 2.1.3 and should not be changed by hand.

[[package]]
name = "importlib-resources"
version = "6.5.2"
description = "Read resources from Python packages"
optional = false
python-versions = ">=3.9"
groups = ["main"]
files = [
    {file = "importlib_resources-6.5.2-py3-none-any.whl", hash = "sha256:789cfdc3ed28c78b67a06acb8126751ced69a3d5f79c095a98298cd8a760ccec"},
    {file = "importlib_resources-6.5.2.tar.gz", hash = "sha256:185f87adef5bcc288449d98fb4fba07cea78bc036455dd44c5fc4a2fe78fed2c"},
]

[package.dependencies]
zipp = {version = ">=3.1.0", markers = "python_version < \"3.10\""}

[package.extras]
check = ["pytest-checkdocs (>=2.4)", "pytest-ruff (>=0.2.1) ; sys_platform != \"cygwin\""]
cover = ["pytest-cov"]
doc = ["furo", "jaraco.packaging (>=9.3)", "jaraco.tidelift (>=1.4)", "rst.linker (>=1.9)", "sphinx (>=3.5)", "sphinx-lint"]
enabler = ["pytest-enabler (>=2.2)"]
test = ["jaraco.test (>=5.4)", "pytest (>=6,!=8.1.*)", "zipp (>=3.17)"]
type = ["pytest-mypy"]

[[package]]
name = "wasmtime"
version = "29.0.0"
description = "A WebAssembly runtime powered by Wasmtime"
optional = false
python-versions = ">=3.9"
groups = ["main"]
files = [
    {file = "wasmtime-29.0.0-py3-none-any.whl", hash = "sha256:3d14a57e43378a848b4cb4e14e3edb9a01d5183cda232291b2dc202b1ade5a06"},
    {file = "wasmtime-29.0.0-py3-none-macosx_10_13_x86_64.whl", hash = "sha256:9581250dded9af61677813f67929104d750166eae4319fee8cf2dcffa715fb53"},
    {file = "wasmtime-29.0.0-py3-none-macosx_11_0_arm64.whl", hash = "sha256:ee00f406116db93951a27ddeb4a507f77a8d3e949a1a749b674f67927bd9f419"},
    {file = "wasmtime-29.0.0-py3-none-manylinux1_x86_64.whl", hash = "sha256:d41f36544a1767c2095e087a12c53953a75d4b8cc1788b8a830b0afde225799a"},
    {file = "wasmtime-29.0.0-py3-none-manylinux2014_aarch64.whl", hash = "sha256:11d3b3e3465c4dd174a22b0f23cd2e02b5e27b04961fac14fce5ac46021e4717"},
    {file = "wasmtime-29.0.0-py3-none-musllinux_1_2_x86_64.whl", hash = "sha256:3f69eb347bc399f43b524ef95169e1cc93567afb4ea11e6a855eb4f9b37b9cc9"},
    {file = "wasmtime-29.0.0-py3-none-win_amd64.whl", hash = "sha256:a1d12ae179a87289f1e9d9ade551b393de9fb3e05030953c7aa9454dabf8ffed"},
]

[package.dependencies]
importlib_resources = ">=5.10"

[package.extras]
testing = ["componentize-py", "coverage", "pycparser", "pytest", "pytest-mypy"]

[[package]]
name = "zipp"
version = "3.23.0"
description = "Backport of pathlib-compatible object wrapper for zip files"
optional = false
python-versions = ">=3.9"
groups = ["main"]
markers = "python_version == \"3.9\""
files = [
    {file = "zipp-3.23.0-py3-none-any.whl", hash = "sha256:071652d6115ed432f5ce1d34c336c0adfd6a884660d1e9712a256d3d3bd4b14e"},
    {file = "zipp-3.23.0.tar.gz", hash = "sha256:a07157588a12518c9d4034df3fbbee09c814741a33ff63c05fa29d26a2404166"},
]

[package.extras]
check = ["pytest-checkdocs (>=2.4)", "pytest-ruff (>=0.2.1) ; sys_platform != \"cygwin\""]
cover = ["pytest-cov"]
doc = ["furo", "jaraco.packaging (>=9.3)", "jaraco.tidelift (>=1.4)", "rst.linker (>=1.9)", "sphinx (>=3.5)", "sphinx-lint"]
enabler = ["pytest-enabler (>=2.2)"]
test = ["big-O", "jaraco.functools", "jaraco.itertools", "jaraco.test", "more_itertools", "pytest (>=6,!=8.1.*)", "pytest-ignore-flaky"]
type = ["pytest-mypy"]

[metadata]
lock-version = "2.1"
python-versions = "^3.9"
content-hash = "1bc7e8c853ccc3e35c5c99eade799a3f19d54d2e05098d4f35d8e5edf6d55b9e"
